// !$*UTF8*$!
{
	archiveVersion = 1;
	classes = {
	};
	objectVersion = 55;
	objects = {

/* Begin PBXBuildFile section */
		ACE2FE9E27841BA800A7BFA9 /* BleCommunicationApp.swift in Sources */ = {isa = PBXBuildFile; fileRef = ACE2FE9D27841BA800A7BFA9 /* BleCommunicationApp.swift */; };
		ACE2FEA027841BA800A7BFA9 /* ContentView.swift in Sources */ = {isa = PBXBuildFile; fileRef = ACE2FE9F27841BA800A7BFA9 /* ContentView.swift */; };
		ACE2FEA227841BA900A7BFA9 /* Assets.xcassets in Resources */ = {isa = PBXBuildFile; fileRef = ACE2FEA127841BA900A7BFA9 /* Assets.xcassets */; };
		ACE2FEA527841BA900A7BFA9 /* Preview Assets.xcassets in Resources */ = {isa = PBXBuildFile; fileRef = ACE2FEA427841BA900A7BFA9 /* Preview Assets.xcassets */; };
		ACE2FEB12784238700A7BFA9 /* BleManager.swift in Sources */ = {isa = PBXBuildFile; fileRef = ACE2FEB02784238700A7BFA9 /* BleManager.swift */; };
		ACE2FEB327842C9400A7BFA9 /* Peripheral.swift in Sources */ = {isa = PBXBuildFile; fileRef = ACE2FEB227842C9400A7BFA9 /* Peripheral.swift */; };
		ACE2FEB527842E9E00A7BFA9 /* Characteristic.swift in Sources */ = {isa = PBXBuildFile; fileRef = ACE2FEB427842E9E00A7BFA9 /* Characteristic.swift */; };
		ACE2FEB727842F4B00A7BFA9 /* Service.swift in Sources */ = {isa = PBXBuildFile; fileRef = ACE2FEB627842F4B00A7BFA9 /* Service.swift */; };
/* End PBXBuildFile section */

/* Begin PBXFileReference section */
		ACE2FE9A27841BA800A7BFA9 /* BleCommunication.app */ = {isa = PBXFileReference; explicitFileType = wrapper.application; includeInIndex = 0; path = BleCommunication.app; sourceTree = BUILT_PRODUCTS_DIR; };
		ACE2FE9D27841BA800A7BFA9 /* BleCommunicationApp.swift */ = {isa = PBXFileReference; lastKnownFileType = sourcecode.swift; path = BleCommunicationApp.swift; sourceTree = "<group>"; };
		ACE2FE9F27841BA800A7BFA9 /* ContentView.swift */ = {isa = PBXFileReference; lastKnownFileType = sourcecode.swift; path = ContentView.swift; sourceTree = "<group>"; };
		ACE2FEA127841BA900A7BFA9 /* Assets.xcassets */ = {isa = PBXFileReference; lastKnownFileType = folder.assetcatalog; path = Assets.xcassets; sourceTree = "<group>"; };
		ACE2FEA427841BA900A7BFA9 /* Preview Assets.xcassets */ = {isa = PBXFileReference; lastKnownFileType = folder.assetcatalog; path = "Preview Assets.xcassets"; sourceTree = "<group>"; };
		ACE2FEB02784238700A7BFA9 /* BleManager.swift */ = {isa = PBXFileReference; lastKnownFileType = sourcecode.swift; path = BleManager.swift; sourceTree = "<group>"; };
		ACE2FEB227842C9400A7BFA9 /* Peripheral.swift */ = {isa = PBXFileReference; lastKnownFileType = sourcecode.swift; path = Peripheral.swift; sourceTree = "<group>"; };
		ACE2FEB427842E9E00A7BFA9 /* Characteristic.swift */ = {isa = PBXFileReference; lastKnownFileType = sourcecode.swift; path = Characteristic.swift; sourceTree = "<group>"; };
		ACE2FEB627842F4B00A7BFA9 /* Service.swift */ = {isa = PBXFileReference; lastKnownFileType = sourcecode.swift; path = Service.swift; sourceTree = "<group>"; };
/* End PBXFileReference section */

/* Begin PBXFrameworksBuildPhase section */
		ACE2FE9727841BA800A7BFA9 /* Frameworks */ = {
			isa = PBXFrameworksBuildPhase;
			buildActionMask = 2147483647;
			files = (
			);
			runOnlyForDeploymentPostprocessing = 0;
		};
/* End PBXFrameworksBuildPhase section */

/* Begin PBXGroup section */
		ACE2FE9127841BA700A7BFA9 = {
			isa = PBXGroup;
			children = (
				ACE2FE9C27841BA800A7BFA9 /* BleCommunication */,
				ACE2FE9B27841BA800A7BFA9 /* Products */,
			);
			sourceTree = "<group>";
		};
		ACE2FE9B27841BA800A7BFA9 /* Products */ = {
			isa = PBXGroup;
			children = (
				ACE2FE9A27841BA800A7BFA9 /* BleCommunication.app */,
			);
			name = Products;
			sourceTree = "<group>";
		};
		ACE2FE9C27841BA800A7BFA9 /* BleCommunication */ = {
			isa = PBXGroup;
			children = (
				ACE2FE9D27841BA800A7BFA9 /* BleCommunicationApp.swift */,
				ACE2FEAB278420C700A7BFA9 /* Extensions */,
				ACE2FEAD278420D900A7BFA9 /* Utilities */,
				ACE2FEAC278420D200A7BFA9 /* Services */,
				ACE2FEAF2784211200A7BFA9 /* Models */,
				ACE2FEAE278420EE00A7BFA9 /* Core */,
				ACE2FEA127841BA900A7BFA9 /* Assets.xcassets */,
				ACE2FEA327841BA900A7BFA9 /* Preview Content */,
			);
			path = BleCommunication;
			sourceTree = "<group>";
		};
		ACE2FEA327841BA900A7BFA9 /* Preview Content */ = {
			isa = PBXGroup;
			children = (
				ACE2FEA427841BA900A7BFA9 /* Preview Assets.xcassets */,
			);
			path = "Preview Content";
			sourceTree = "<group>";
		};
		ACE2FEAB278420C700A7BFA9 /* Extensions */ = {
			isa = PBXGroup;
			children = (
			);
			path = Extensions;
			sourceTree = "<group>";
		};
		ACE2FEAC278420D200A7BFA9 /* Services */ = {
			isa = PBXGroup;
			children = (
			);
			path = Services;
			sourceTree = "<group>";
		};
		ACE2FEAD278420D900A7BFA9 /* Utilities */ = {
			isa = PBXGroup;
			children = (
				ACE2FEB02784238700A7BFA9 /* BleManager.swift */,
			);
			path = Utilities;
			sourceTree = "<group>";
		};
		ACE2FEAE278420EE00A7BFA9 /* Core */ = {
			isa = PBXGroup;
			children = (
				ACE2FE9F27841BA800A7BFA9 /* ContentView.swift */,
			);
			path = Core;
			sourceTree = "<group>";
		};
		ACE2FEAF2784211200A7BFA9 /* Models */ = {
			isa = PBXGroup;
			children = (
				ACE2FEB227842C9400A7BFA9 /* Peripheral.swift */,
				ACE2FEB427842E9E00A7BFA9 /* Characteristic.swift */,
				ACE2FEB627842F4B00A7BFA9 /* Service.swift */,
			);
			path = Models;
			sourceTree = "<group>";
		};
/* End PBXGroup section */

/* Begin PBXNativeTarget section */
		ACE2FE9927841BA800A7BFA9 /* BleCommunication */ = {
			isa = PBXNativeTarget;
			buildConfigurationList = ACE2FEA827841BA900A7BFA9 /* Build configuration list for PBXNativeTarget "BleCommunication" */;
			buildPhases = (
				ACE2FE9627841BA800A7BFA9 /* Sources */,
				ACE2FE9727841BA800A7BFA9 /* Frameworks */,
				ACE2FE9827841BA800A7BFA9 /* Resources */,
			);
			buildRules = (
			);
			dependencies = (
			);
			name = BleCommunication;
			productName = BleCommunication;
			productReference = ACE2FE9A27841BA800A7BFA9 /* BleCommunication.app */;
			productType = "com.apple.product-type.application";
		};
/* End PBXNativeTarget section */

/* Begin PBXProject section */
		ACE2FE9227841BA700A7BFA9 /* Project object */ = {
			isa = PBXProject;
			attributes = {
				BuildIndependentTargetsInParallel = 1;
				LastSwiftUpdateCheck = 1310;
				LastUpgradeCheck = 1310;
				TargetAttributes = {
					ACE2FE9927841BA800A7BFA9 = {
						CreatedOnToolsVersion = 13.1;
					};
				};
			};
			buildConfigurationList = ACE2FE9527841BA700A7BFA9 /* Build configuration list for PBXProject "BleCommunication" */;
			compatibilityVersion = "Xcode 13.0";
			developmentRegion = en;
			hasScannedForEncodings = 0;
			knownRegions = (
				en,
				Base,
			);
			mainGroup = ACE2FE9127841BA700A7BFA9;
			productRefGroup = ACE2FE9B27841BA800A7BFA9 /* Products */;
			projectDirPath = "";
			projectRoot = "";
			targets = (
				ACE2FE9927841BA800A7BFA9 /* BleCommunication */,
			);
		};
/* End PBXProject section */

/* Begin PBXResourcesBuildPhase section */
		ACE2FE9827841BA800A7BFA9 /* Resources */ = {
			isa = PBXResourcesBuildPhase;
			buildActionMask = 2147483647;
			files = (
				ACE2FEA527841BA900A7BFA9 /* Preview Assets.xcassets in Resources */,
				ACE2FEA227841BA900A7BFA9 /* Assets.xcassets in Resources */,
			);
			runOnlyForDeploymentPostprocessing = 0;
		};
/* End PBXResourcesBuildPhase section */

/* Begin PBXSourcesBuildPhase section */
		ACE2FE9627841BA800A7BFA9 /* Sources */ = {
			isa = PBXSourcesBuildPhase;
			buildActionMask = 2147483647;
			files = (
				ACE2FEB727842F4B00A7BFA9 /* Service.swift in Sources */,
				ACE2FEA027841BA800A7BFA9 /* ContentView.swift in Sources */,
				ACE2FE9E27841BA800A7BFA9 /* BleCommunicationApp.swift in Sources */,
				ACE2FEB527842E9E00A7BFA9 /* Characteristic.swift in Sources */,
				ACE2FEB12784238700A7BFA9 /* BleManager.swift in Sources */,
				ACE2FEB327842C9400A7BFA9 /* Peripheral.swift in Sources */,
			);
			runOnlyForDeploymentPostprocessing = 0;
		};
/* End PBXSourcesBuildPhase section */

/* Begin XCBuildConfiguration section */
		ACE2FEA627841BA900A7BFA9 /* Debug */ = {
			isa = XCBuildConfiguration;
			buildSettings = {
				ALWAYS_SEARCH_USER_PATHS = NO;
				CLANG_ANALYZER_NONNULL = YES;
				CLANG_ANALYZER_NUMBER_OBJECT_CONVERSION = YES_AGGRESSIVE;
				CLANG_CXX_LANGUAGE_STANDARD = "gnu++17";
				CLANG_CXX_LIBRARY = "libc++";
				CLANG_ENABLE_MODULES = YES;
				CLANG_ENABLE_OBJC_ARC = YES;
				CLANG_ENABLE_OBJC_WEAK = YES;
				CLANG_WARN_BLOCK_CAPTURE_AUTORELEASING = YES;
				CLANG_WARN_BOOL_CONVERSION = YES;
				CLANG_WARN_COMMA = YES;
				CLANG_WARN_CONSTANT_CONVERSION = YES;
				CLANG_WARN_DEPRECATED_OBJC_IMPLEMENTATIONS = YES;
				CLANG_WARN_DIRECT_OBJC_ISA_USAGE = YES_ERROR;
				CLANG_WARN_DOCUMENTATION_COMMENTS = YES;
				CLANG_WARN_EMPTY_BODY = YES;
				CLANG_WARN_ENUM_CONVERSION = YES;
				CLANG_WARN_INFINITE_RECURSION = YES;
				CLANG_WARN_INT_CONVERSION = YES;
				CLANG_WARN_NON_LITERAL_NULL_CONVERSION = YES;
				CLANG_WARN_OBJC_IMPLICIT_RETAIN_SELF = YES;
				CLANG_WARN_OBJC_LITERAL_CONVERSION = YES;
				CLANG_WARN_OBJC_ROOT_CLASS = YES_ERROR;
				CLANG_WARN_QUOTED_INCLUDE_IN_FRAMEWORK_HEADER = YES;
				CLANG_WARN_RANGE_LOOP_ANALYSIS = YES;
				CLANG_WARN_STRICT_PROTOTYPES = YES;
				CLANG_WARN_SUSPICIOUS_MOVE = YES;
				CLANG_WARN_UNGUARDED_AVAILABILITY = YES_AGGRESSIVE;
				CLANG_WARN_UNREACHABLE_CODE = YES;
				CLANG_WARN__DUPLICATE_METHOD_MATCH = YES;
				COPY_PHASE_STRIP = NO;
				DEBUG_INFORMATION_FORMAT = dwarf;
				ENABLE_STRICT_OBJC_MSGSEND = YES;
				ENABLE_TESTABILITY = YES;
				GCC_C_LANGUAGE_STANDARD = gnu11;
				GCC_DYNAMIC_NO_PIC = NO;
				GCC_NO_COMMON_BLOCKS = YES;
				GCC_OPTIMIZATION_LEVEL = 0;
				GCC_PREPROCESSOR_DEFINITIONS = (
					"DEBUG=1",
					"$(inherited)",
				);
				GCC_WARN_64_TO_32_BIT_CONVERSION = YES;
				GCC_WARN_ABOUT_RETURN_TYPE = YES_ERROR;
				GCC_WARN_UNDECLARED_SELECTOR = YES;
				GCC_WARN_UNINITIALIZED_AUTOS = YES_AGGRESSIVE;
				GCC_WARN_UNUSED_FUNCTION = YES;
				GCC_WARN_UNUSED_VARIABLE = YES;
				IPHONEOS_DEPLOYMENT_TARGET = 15.0;
				MTL_ENABLE_DEBUG_INFO = INCLUDE_SOURCE;
				MTL_FAST_MATH = YES;
				ONLY_ACTIVE_ARCH = YES;
				SDKROOT = iphoneos;
				SWIFT_ACTIVE_COMPILATION_CONDITIONS = DEBUG;
				SWIFT_OPTIMIZATION_LEVEL = "-Onone";
			};
			name = Debug;
		};
		ACE2FEA727841BA900A7BFA9 /* Release */ = {
			isa = XCBuildConfiguration;
			buildSettings = {
				ALWAYS_SEARCH_USER_PATHS = NO;
				CLANG_ANALYZER_NONNULL = YES;
				CLANG_ANALYZER_NUMBER_OBJECT_CONVERSION = YES_AGGRESSIVE;
				CLANG_CXX_LANGUAGE_STANDARD = "gnu++17";
				CLANG_CXX_LIBRARY = "libc++";
				CLANG_ENABLE_MODULES = YES;
				CLANG_ENABLE_OBJC_ARC = YES;
				CLANG_ENABLE_OBJC_WEAK = YES;
				CLANG_WARN_BLOCK_CAPTURE_AUTORELEASING = YES;
				CLANG_WARN_BOOL_CONVERSION = YES;
				CLANG_WARN_COMMA = YES;
				CLANG_WARN_CONSTANT_CONVERSION = YES;
				CLANG_WARN_DEPRECATED_OBJC_IMPLEMENTATIONS = YES;
				CLANG_WARN_DIRECT_OBJC_ISA_USAGE = YES_ERROR;
				CLANG_WARN_DOCUMENTATION_COMMENTS = YES;
				CLANG_WARN_EMPTY_BODY = YES;
				CLANG_WARN_ENUM_CONVERSION = YES;
				CLANG_WARN_INFINITE_RECURSION = YES;
				CLANG_WARN_INT_CONVERSION = YES;
				CLANG_WARN_NON_LITERAL_NULL_CONVERSION = YES;
				CLANG_WARN_OBJC_IMPLICIT_RETAIN_SELF = YES;
				CLANG_WARN_OBJC_LITERAL_CONVERSION = YES;
				CLANG_WARN_OBJC_ROOT_CLASS = YES_ERROR;
				CLANG_WARN_QUOTED_INCLUDE_IN_FRAMEWORK_HEADER = YES;
				CLANG_WARN_RANGE_LOOP_ANALYSIS = YES;
				CLANG_WARN_STRICT_PROTOTYPES = YES;
				CLANG_WARN_SUSPICIOUS_MOVE = YES;
				CLANG_WARN_UNGUARDED_AVAILABILITY = YES_AGGRESSIVE;
				CLANG_WARN_UNREACHABLE_CODE = YES;
				CLANG_WARN__DUPLICATE_METHOD_MATCH = YES;
				COPY_PHASE_STRIP = NO;
				DEBUG_INFORMATION_FORMAT = "dwarf-with-dsym";
				ENABLE_NS_ASSERTIONS = NO;
				ENABLE_STRICT_OBJC_MSGSEND = YES;
				GCC_C_LANGUAGE_STANDARD = gnu11;
				GCC_NO_COMMON_BLOCKS = YES;
				GCC_WARN_64_TO_32_BIT_CONVERSION = YES;
				GCC_WARN_ABOUT_RETURN_TYPE = YES_ERROR;
				GCC_WARN_UNDECLARED_SELECTOR = YES;
				GCC_WARN_UNINITIALIZED_AUTOS = YES_AGGRESSIVE;
				GCC_WARN_UNUSED_FUNCTION = YES;
				GCC_WARN_UNUSED_VARIABLE = YES;
				IPHONEOS_DEPLOYMENT_TARGET = 15.0;
				MTL_ENABLE_DEBUG_INFO = NO;
				MTL_FAST_MATH = YES;
				SDKROOT = iphoneos;
				SWIFT_COMPILATION_MODE = wholemodule;
				SWIFT_OPTIMIZATION_LEVEL = "-O";
				VALIDATE_PRODUCT = YES;
			};
			name = Release;
		};
		ACE2FEA927841BA900A7BFA9 /* Debug */ = {
			isa = XCBuildConfiguration;
			buildSettings = {
				ASSETCATALOG_COMPILER_APPICON_NAME = AppIcon;
				ASSETCATALOG_COMPILER_GLOBAL_ACCENT_COLOR_NAME = AccentColor;
				CODE_SIGN_STYLE = Automatic;
				CURRENT_PROJECT_VERSION = 1;
				DEVELOPMENT_ASSET_PATHS = "\"BleCommunication/Preview Content\"";
				DEVELOPMENT_TEAM = AEF6KJXBC4;
				ENABLE_PREVIEWS = YES;
				GENERATE_INFOPLIST_FILE = YES;
				INFOPLIST_KEY_UIApplicationSceneManifest_Generation = YES;
				INFOPLIST_KEY_UIApplicationSupportsIndirectInputEvents = YES;
				INFOPLIST_KEY_UILaunchScreen_Generation = YES;
				INFOPLIST_KEY_UISupportedInterfaceOrientations_iPad = "UIInterfaceOrientationPortrait UIInterfaceOrientationPortraitUpsideDown UIInterfaceOrientationLandscapeLeft UIInterfaceOrientationLandscapeRight";
				INFOPLIST_KEY_UISupportedInterfaceOrientations_iPhone = "UIInterfaceOrientationPortrait UIInterfaceOrientationLandscapeLeft UIInterfaceOrientationLandscapeRight";
				LD_RUNPATH_SEARCH_PATHS = (
					"$(inherited)",
					"@executable_path/Frameworks",
				);
				MARKETING_VERSION = 1.0;
				PRODUCT_BUNDLE_IDENTIFIER = com.gsmomo.BleCommunication;
				PRODUCT_NAME = "$(TARGET_NAME)";
				SWIFT_EMIT_LOC_STRINGS = YES;
				SWIFT_VERSION = 5.0;
				TARGETED_DEVICE_FAMILY = "1,2";
			};
			name = Debug;
		};
		ACE2FEAA27841BA900A7BFA9 /* Release */ = {
			isa = XCBuildConfiguration;
			buildSettings = {
				ASSETCATALOG_COMPILER_APPICON_NAME = AppIcon;
				ASSETCATALOG_COMPILER_GLOBAL_ACCENT_COLOR_NAME = AccentColor;
				CODE_SIGN_STYLE = Automatic;
				CURRENT_PROJECT_VERSION = 1;
				DEVELOPMENT_ASSET_PATHS = "\"BleCommunication/Preview Content\"";
				DEVELOPMENT_TEAM = AEF6KJXBC4;
				ENABLE_PREVIEWS = YES;
				GENERATE_INFOPLIST_FILE = YES;
				INFOPLIST_KEY_UIApplicationSceneManifest_Generation = YES;
				INFOPLIST_KEY_UIApplicationSupportsIndirectInputEvents = YES;
				INFOPLIST_KEY_UILaunchScreen_Generation = YES;
				INFOPLIST_KEY_UISupportedInterfaceOrientations_iPad = "UIInterfaceOrientationPortrait UIInterfaceOrientationPortraitUpsideDown UIInterfaceOrientationLandscapeLeft UIInterfaceOrientationLandscapeRight";
				INFOPLIST_KEY_UISupportedInterfaceOrientations_iPhone = "UIInterfaceOrientationPortrait UIInterfaceOrientationLandscapeLeft UIInterfaceOrientationLandscapeRight";
				LD_RUNPATH_SEARCH_PATHS = (
					"$(inherited)",
					"@executable_path/Frameworks",
				);
				MARKETING_VERSION = 1.0;
				PRODUCT_BUNDLE_IDENTIFIER = com.gsmomo.BleCommunication;
				PRODUCT_NAME = "$(TARGET_NAME)";
				SWIFT_EMIT_LOC_STRINGS = YES;
				SWIFT_VERSION = 5.0;
				TARGETED_DEVICE_FAMILY = "1,2";
			};
			name = Release;
		};
/* End XCBuildConfiguration section */

/* Begin XCConfigurationList section */
		ACE2FE9527841BA700A7BFA9 /* Build configuration list for PBXProject "BleCommunication" */ = {
			isa = XCConfigurationList;
			buildConfigurations = (
				ACE2FEA627841BA900A7BFA9 /* Debug */,
				ACE2FEA727841BA900A7BFA9 /* Release */,
			);
			defaultConfigurationIsVisible = 0;
			defaultConfigurationName = Release;
		};
		ACE2FEA827841BA900A7BFA9 /* Build configuration list for PBXNativeTarget "BleCommunication" */ = {
			isa = XCConfigurationList;
			buildConfigurations = (
				ACE2FEA927841BA900A7BFA9 /* Debug */,
				ACE2FEAA27841BA900A7BFA9 /* Release */,
			);
			defaultConfigurationIsVisible = 0;
			defaultConfigurationName = Release;
		};
/* End XCConfigurationList section */
	};
	rootObject = ACE2FE9227841BA700A7BFA9 /* Project object */;
}
